// !$*UTF8*$!
{
	archiveVersion = 1;
	classes = {
	};
	objectVersion = 50;
	objects = {

/* Begin PBXBuildFile section */
		8AC21F1B23045DF7002AE4DC /* AppDelegate.swift in Sources */ = {isa = PBXBuildFile; fileRef = 8AC21F1A23045DF7002AE4DC /* AppDelegate.swift */; };
		8AC21F1D23045DF7002AE4DC /* ViewController.swift in Sources */ = {isa = PBXBuildFile; fileRef = 8AC21F1C23045DF7002AE4DC /* ViewController.swift */; };
		8AC21F2023045DF7002AE4DC /* Main.storyboard in Resources */ = {isa = PBXBuildFile; fileRef = 8AC21F1E23045DF7002AE4DC /* Main.storyboard */; };
		8AC21F2223045DF8002AE4DC /* Assets.xcassets in Resources */ = {isa = PBXBuildFile; fileRef = 8AC21F2123045DF8002AE4DC /* Assets.xcassets */; };
		8AC21F2523045DF8002AE4DC /* LaunchScreen.storyboard in Resources */ = {isa = PBXBuildFile; fileRef = 8AC21F2323045DF8002AE4DC /* LaunchScreen.storyboard */; };
		97056F9B824F76B7ADD0DB9C /* Pods_Imgur.framework in Frameworks */ = {isa = PBXBuildFile; fileRef = 280519C4A66EE7BF9210A4B3 /* Pods_Imgur.framework */; };
/* End PBXBuildFile section */

/* Begin PBXFileReference section */
		280519C4A66EE7BF9210A4B3 /* Pods_Imgur.framework */ = {isa = PBXFileReference; explicitFileType = wrapper.framework; includeInIndex = 0; path = Pods_Imgur.framework; sourceTree = BUILT_PRODUCTS_DIR; };
		8AC21F1723045DF7002AE4DC /* Imgur.app */ = {isa = PBXFileReference; explicitFileType = wrapper.application; includeInIndex = 0; path = Imgur.app; sourceTree = BUILT_PRODUCTS_DIR; };
		8AC21F1A23045DF7002AE4DC /* AppDelegate.swift */ = {isa = PBXFileReference; lastKnownFileType = sourcecode.swift; path = AppDelegate.swift; sourceTree = "<group>"; };
		8AC21F1C23045DF7002AE4DC /* ViewController.swift */ = {isa = PBXFileReference; lastKnownFileType = sourcecode.swift; path = ViewController.swift; sourceTree = "<group>"; };
		8AC21F1F23045DF7002AE4DC /* Base */ = {isa = PBXFileReference; lastKnownFileType = file.storyboard; name = Base; path = Base.lproj/Main.storyboard; sourceTree = "<group>"; };
		8AC21F2123045DF8002AE4DC /* Assets.xcassets */ = {isa = PBXFileReference; lastKnownFileType = folder.assetcatalog; path = Assets.xcassets; sourceTree = "<group>"; };
		8AC21F2423045DF8002AE4DC /* Base */ = {isa = PBXFileReference; lastKnownFileType = file.storyboard; name = Base; path = Base.lproj/LaunchScreen.storyboard; sourceTree = "<group>"; };
		8AC21F2623045DF8002AE4DC /* Info.plist */ = {isa = PBXFileReference; lastKnownFileType = text.plist.xml; path = Info.plist; sourceTree = "<group>"; };
		93591F4B645D51EF597EF0CD /* Pods-Imgur.debug.xcconfig */ = {isa = PBXFileReference; includeInIndex = 1; lastKnownFileType = text.xcconfig; name = "Pods-Imgur.debug.xcconfig"; path = "Target Support Files/Pods-Imgur/Pods-Imgur.debug.xcconfig"; sourceTree = "<group>"; };
		D548AB0358C79B015FC12034 /* Pods-Imgur.release.xcconfig */ = {isa = PBXFileReference; includeInIndex = 1; lastKnownFileType = text.xcconfig; name = "Pods-Imgur.release.xcconfig"; path = "Target Support Files/Pods-Imgur/Pods-Imgur.release.xcconfig"; sourceTree = "<group>"; };
/* End PBXFileReference section */

/* Begin PBXFrameworksBuildPhase section */
		8AC21F1423045DF7002AE4DC /* Frameworks */ = {
			isa = PBXFrameworksBuildPhase;
			buildActionMask = 2147483647;
			files = (
				97056F9B824F76B7ADD0DB9C /* Pods_Imgur.framework in Frameworks */,
			);
			runOnlyForDeploymentPostprocessing = 0;
		};
/* End PBXFrameworksBuildPhase section */

/* Begin PBXGroup section */
		020DB76CFE493061E91801AA /* Frameworks */ = {
			isa = PBXGroup;
			children = (
				280519C4A66EE7BF9210A4B3 /* Pods_Imgur.framework */,
			);
			name = Frameworks;
			sourceTree = "<group>";
		};
		8AC21F0E23045DF7002AE4DC = {
			isa = PBXGroup;
			children = (
				8AC21F1923045DF7002AE4DC /* Imgur */,
				8AC21F1823045DF7002AE4DC /* Products */,
				9CDE3D5607BAB7C7ED027E9C /* Pods */,
				020DB76CFE493061E91801AA /* Frameworks */,
			);
			sourceTree = "<group>";
		};
		8AC21F1823045DF7002AE4DC /* Products */ = {
			isa = PBXGroup;
			children = (
				8AC21F1723045DF7002AE4DC /* Imgur.app */,
			);
			name = Products;
			sourceTree = "<group>";
		};
		8AC21F1923045DF7002AE4DC /* Imgur */ = {
			isa = PBXGroup;
			children = (
				8AC21F1A23045DF7002AE4DC /* AppDelegate.swift */,
				8AC21F1C23045DF7002AE4DC /* ViewController.swift */,
				8AC21F1E23045DF7002AE4DC /* Main.storyboard */,
				8AC21F2123045DF8002AE4DC /* Assets.xcassets */,
				8AC21F2323045DF8002AE4DC /* LaunchScreen.storyboard */,
				8AC21F2623045DF8002AE4DC /* Info.plist */,
			);
			path = Imgur;
			sourceTree = "<group>";
		};
		9CDE3D5607BAB7C7ED027E9C /* Pods */ = {
			isa = PBXGroup;
			children = (
				93591F4B645D51EF597EF0CD /* Pods-Imgur.debug.xcconfig */,
				D548AB0358C79B015FC12034 /* Pods-Imgur.release.xcconfig */,
			);
			name = Pods;
			path = Pods;
			sourceTree = "<group>";
		};
/* End PBXGroup section */

/* Begin PBXNativeTarget section */
		8AC21F1623045DF7002AE4DC /* Imgur */ = {
			isa = PBXNativeTarget;
			buildConfigurationList = 8AC21F2923045DF8002AE4DC /* Build configuration list for PBXNativeTarget "Imgur" */;
			buildPhases = (
				9F34D0D40BC92D673A4A53C2 /* [CP] Check Pods Manifest.lock */,
				8AC21F1323045DF7002AE4DC /* Sources */,
				8AC21F1423045DF7002AE4DC /* Frameworks */,
				8AC21F1523045DF7002AE4DC /* Resources */,
				38C5D3683A8DBAFA6C16E972 /* [CP] Embed Pods Frameworks */,
			);
			buildRules = (
			);
			dependencies = (
			);
			name = Imgur;
			productName = Imgur;
			productReference = 8AC21F1723045DF7002AE4DC /* Imgur.app */;
			productType = "com.apple.product-type.application";
		};
/* End PBXNativeTarget section */

/* Begin PBXProject section */
		8AC21F0F23045DF7002AE4DC /* Project object */ = {
			isa = PBXProject;
			attributes = {
				LastSwiftUpdateCheck = 1020;
				LastUpgradeCheck = 1020;
				ORGANIZATIONNAME = "Stream.io Inc";
				TargetAttributes = {
					8AC21F1623045DF7002AE4DC = {
						CreatedOnToolsVersion = 10.2;
					};
				};
			};
			buildConfigurationList = 8AC21F1223045DF7002AE4DC /* Build configuration list for PBXProject "Imgur" */;
			compatibilityVersion = "Xcode 9.3";
			developmentRegion = en;
			hasScannedForEncodings = 0;
			knownRegions = (
				en,
				Base,
			);
			mainGroup = 8AC21F0E23045DF7002AE4DC;
			productRefGroup = 8AC21F1823045DF7002AE4DC /* Products */;
			projectDirPath = "";
			projectRoot = "";
			targets = (
				8AC21F1623045DF7002AE4DC /* Imgur */,
			);
		};
/* End PBXProject section */

/* Begin PBXResourcesBuildPhase section */
		8AC21F1523045DF7002AE4DC /* Resources */ = {
			isa = PBXResourcesBuildPhase;
			buildActionMask = 2147483647;
			files = (
				8AC21F2523045DF8002AE4DC /* LaunchScreen.storyboard in Resources */,
				8AC21F2223045DF8002AE4DC /* Assets.xcassets in Resources */,
				8AC21F2023045DF7002AE4DC /* Main.storyboard in Resources */,
			);
			runOnlyForDeploymentPostprocessing = 0;
		};
/* End PBXResourcesBuildPhase section */

/* Begin PBXShellScriptBuildPhase section */
		38C5D3683A8DBAFA6C16E972 /* [CP] Embed Pods Frameworks */ = {
			isa = PBXShellScriptBuildPhase;
			buildActionMask = 2147483647;
			files = (
			);
			inputFileListPaths = (
				"${PODS_ROOT}/Target Support Files/Pods-Imgur/Pods-Imgur-frameworks-${CONFIGURATION}-input-files.xcfilelist",
			);
			name = "[CP] Embed Pods Frameworks";
			outputFileListPaths = (
				"${PODS_ROOT}/Target Support Files/Pods-Imgur/Pods-Imgur-frameworks-${CONFIGURATION}-output-files.xcfilelist",
			);
			runOnlyForDeploymentPostprocessing = 0;
			shellPath = /bin/sh;
			shellScript = "\"${PODS_ROOT}/Target Support Files/Pods-Imgur/Pods-Imgur-frameworks.sh\"\n";
			showEnvVarsInLog = 0;
		};
		9F34D0D40BC92D673A4A53C2 /* [CP] Check Pods Manifest.lock */ = {
			isa = PBXShellScriptBuildPhase;
			buildActionMask = 2147483647;
			files = (
			);
			inputFileListPaths = (
			);
			inputPaths = (
				"${PODS_PODFILE_DIR_PATH}/Podfile.lock",
				"${PODS_ROOT}/Manifest.lock",
			);
			name = "[CP] Check Pods Manifest.lock";
			outputFileListPaths = (
			);
			outputPaths = (
				"$(DERIVED_FILE_DIR)/Pods-Imgur-checkManifestLockResult.txt",
			);
			runOnlyForDeploymentPostprocessing = 0;
			shellPath = /bin/sh;
			shellScript = "diff \"${PODS_PODFILE_DIR_PATH}/Podfile.lock\" \"${PODS_ROOT}/Manifest.lock\" > /dev/null\nif [ $? != 0 ] ; then\n    # print error to STDERR\n    echo \"error: The sandbox is not in sync with the Podfile.lock. Run 'pod install' or update your CocoaPods installation.\" >&2\n    exit 1\nfi\n# This output is used by Xcode 'outputs' to avoid re-running this script phase.\necho \"SUCCESS\" > \"${SCRIPT_OUTPUT_FILE_0}\"\n";
			showEnvVarsInLog = 0;
		};
/* End PBXShellScriptBuildPhase section */

/* Begin PBXSourcesBuildPhase section */
		8AC21F1323045DF7002AE4DC /* Sources */ = {
			isa = PBXSourcesBuildPhase;
			buildActionMask = 2147483647;
			files = (
				8AC21F1D23045DF7002AE4DC /* ViewController.swift in Sources */,
				8AC21F1B23045DF7002AE4DC /* AppDelegate.swift in Sources */,
			);
			runOnlyForDeploymentPostprocessing = 0;
		};
/* End PBXSourcesBuildPhase section */

/* Begin PBXVariantGroup section */
		8AC21F1E23045DF7002AE4DC /* Main.storyboard */ = {
			isa = PBXVariantGroup;
			children = (
				8AC21F1F23045DF7002AE4DC /* Base */,
			);
			name = Main.storyboard;
			sourceTree = "<group>";
		};
		8AC21F2323045DF8002AE4DC /* LaunchScreen.storyboard */ = {
			isa = PBXVariantGroup;
			children = (
				8AC21F2423045DF8002AE4DC /* Base */,
			);
			name = LaunchScreen.storyboard;
			sourceTree = "<group>";
		};
/* End PBXVariantGroup section */

/* Begin XCBuildConfiguration section */
		8AC21F2723045DF8002AE4DC /* Debug */ = {
			isa = XCBuildConfiguration;
			buildSettings = {
				ALWAYS_SEARCH_USER_PATHS = NO;
				CLANG_ANALYZER_NONNULL = YES;
				CLANG_ANALYZER_NUMBER_OBJECT_CONVERSION = YES_AGGRESSIVE;
				CLANG_CXX_LANGUAGE_STANDARD = "gnu++14";
				CLANG_CXX_LIBRARY = "libc++";
				CLANG_ENABLE_MODULES = YES;
				CLANG_ENABLE_OBJC_ARC = YES;
				CLANG_ENABLE_OBJC_WEAK = YES;
				CLANG_WARN_BLOCK_CAPTURE_AUTORELEASING = YES;
				CLANG_WARN_BOOL_CONVERSION = YES;
				CLANG_WARN_COMMA = YES;
				CLANG_WARN_CONSTANT_CONVERSION = YES;
				CLANG_WARN_DEPRECATED_OBJC_IMPLEMENTATIONS = YES;
				CLANG_WARN_DIRECT_OBJC_ISA_USAGE = YES_ERROR;
				CLANG_WARN_DOCUMENTATION_COMMENTS = YES;
				CLANG_WARN_EMPTY_BODY = YES;
				CLANG_WARN_ENUM_CONVERSION = YES;
				CLANG_WARN_INFINITE_RECURSION = YES;
				CLANG_WARN_INT_CONVERSION = YES;
				CLANG_WARN_NON_LITERAL_NULL_CONVERSION = YES;
				CLANG_WARN_OBJC_IMPLICIT_RETAIN_SELF = YES;
				CLANG_WARN_OBJC_LITERAL_CONVERSION = YES;
				CLANG_WARN_OBJC_ROOT_CLASS = YES_ERROR;
				CLANG_WARN_RANGE_LOOP_ANALYSIS = YES;
				CLANG_WARN_STRICT_PROTOTYPES = YES;
				CLANG_WARN_SUSPICIOUS_MOVE = YES;
				CLANG_WARN_UNGUARDED_AVAILABILITY = YES_AGGRESSIVE;
				CLANG_WARN_UNREACHABLE_CODE = YES;
				CLANG_WARN__DUPLICATE_METHOD_MATCH = YES;
				CODE_SIGN_IDENTITY = "iPhone Developer";
				COPY_PHASE_STRIP = NO;
				DEBUG_INFORMATION_FORMAT = dwarf;
				ENABLE_STRICT_OBJC_MSGSEND = YES;
				ENABLE_TESTABILITY = YES;
				GCC_C_LANGUAGE_STANDARD = gnu11;
				GCC_DYNAMIC_NO_PIC = NO;
				GCC_NO_COMMON_BLOCKS = YES;
				GCC_OPTIMIZATION_LEVEL = 0;
				GCC_PREPROCESSOR_DEFINITIONS = (
					"DEBUG=1",
					"$(inherited)",
				);
				GCC_WARN_64_TO_32_BIT_CONVERSION = YES;
				GCC_WARN_ABOUT_RETURN_TYPE = YES_ERROR;
				GCC_WARN_UNDECLARED_SELECTOR = YES;
				GCC_WARN_UNINITIALIZED_AUTOS = YES_AGGRESSIVE;
				GCC_WARN_UNUSED_FUNCTION = YES;
				GCC_WARN_UNUSED_VARIABLE = YES;
				IPHONEOS_DEPLOYMENT_TARGET = 12.2;
				MTL_ENABLE_DEBUG_INFO = INCLUDE_SOURCE;
				MTL_FAST_MATH = YES;
				ONLY_ACTIVE_ARCH = YES;
				SDKROOT = iphoneos;
				SWIFT_ACTIVE_COMPILATION_CONDITIONS = DEBUG;
				SWIFT_OPTIMIZATION_LEVEL = "-Onone";
			};
			name = Debug;
		};
		8AC21F2823045DF8002AE4DC /* Release */ = {
			isa = XCBuildConfiguration;
			buildSettings = {
				ALWAYS_SEARCH_USER_PATHS = NO;
				CLANG_ANALYZER_NONNULL = YES;
				CLANG_ANALYZER_NUMBER_OBJECT_CONVERSION = YES_AGGRESSIVE;
				CLANG_CXX_LANGUAGE_STANDARD = "gnu++14";
				CLANG_CXX_LIBRARY = "libc++";
				CLANG_ENABLE_MODULES = YES;
				CLANG_ENABLE_OBJC_ARC = YES;
				CLANG_ENABLE_OBJC_WEAK = YES;
				CLANG_WARN_BLOCK_CAPTURE_AUTORELEASING = YES;
				CLANG_WARN_BOOL_CONVERSION = YES;
				CLANG_WARN_COMMA = YES;
				CLANG_WARN_CONSTANT_CONVERSION = YES;
				CLANG_WARN_DEPRECATED_OBJC_IMPLEMENTATIONS = YES;
				CLANG_WARN_DIRECT_OBJC_ISA_USAGE = YES_ERROR;
				CLANG_WARN_DOCUMENTATION_COMMENTS = YES;
				CLANG_WARN_EMPTY_BODY = YES;
				CLANG_WARN_ENUM_CONVERSION = YES;
				CLANG_WARN_INFINITE_RECURSION = YES;
				CLANG_WARN_INT_CONVERSION = YES;
				CLANG_WARN_NON_LITERAL_NULL_CONVERSION = YES;
				CLANG_WARN_OBJC_IMPLICIT_RETAIN_SELF = YES;
				CLANG_WARN_OBJC_LITERAL_CONVERSION = YES;
				CLANG_WARN_OBJC_ROOT_CLASS = YES_ERROR;
				CLANG_WARN_RANGE_LOOP_ANALYSIS = YES;
				CLANG_WARN_STRICT_PROTOTYPES = YES;
				CLANG_WARN_SUSPICIOUS_MOVE = YES;
				CLANG_WARN_UNGUARDED_AVAILABILITY = YES_AGGRESSIVE;
				CLANG_WARN_UNREACHABLE_CODE = YES;
				CLANG_WARN__DUPLICATE_METHOD_MATCH = YES;
				CODE_SIGN_IDENTITY = "iPhone Developer";
				COPY_PHASE_STRIP = NO;
				DEBUG_INFORMATION_FORMAT = "dwarf-with-dsym";
				ENABLE_NS_ASSERTIONS = NO;
				ENABLE_STRICT_OBJC_MSGSEND = YES;
				GCC_C_LANGUAGE_STANDARD = gnu11;
				GCC_NO_COMMON_BLOCKS = YES;
				GCC_WARN_64_TO_32_BIT_CONVERSION = YES;
				GCC_WARN_ABOUT_RETURN_TYPE = YES_ERROR;
				GCC_WARN_UNDECLARED_SELECTOR = YES;
				GCC_WARN_UNINITIALIZED_AUTOS = YES_AGGRESSIVE;
				GCC_WARN_UNUSED_FUNCTION = YES;
				GCC_WARN_UNUSED_VARIABLE = YES;
				IPHONEOS_DEPLOYMENT_TARGET = 12.2;
				MTL_ENABLE_DEBUG_INFO = NO;
				MTL_FAST_MATH = YES;
				SDKROOT = iphoneos;
				SWIFT_COMPILATION_MODE = wholemodule;
				SWIFT_OPTIMIZATION_LEVEL = "-O";
				VALIDATE_PRODUCT = YES;
			};
			name = Release;
		};
		8AC21F2A23045DF8002AE4DC /* Debug */ = {
			isa = XCBuildConfiguration;
			baseConfigurationReference = 93591F4B645D51EF597EF0CD /* Pods-Imgur.debug.xcconfig */;
			buildSettings = {
				ASSETCATALOG_COMPILER_APPICON_NAME = AppIcon;
				CODE_SIGN_STYLE = Automatic;
				DEVELOPMENT_TEAM = EHV7XZLAHA;
				INFOPLIST_FILE = Imgur/Info.plist;
				LD_RUNPATH_SEARCH_PATHS = (
					"$(inherited)",
					"@executable_path/Frameworks",
				);
				PRODUCT_BUNDLE_IDENTIFIER = io.getstream.Imgur;
				PRODUCT_NAME = "$(TARGET_NAME)";
				SWIFT_VERSION = 5.0;
				TARGETED_DEVICE_FAMILY = "1,2";
			};
			name = Debug;
		};
		8AC21F2B23045DF8002AE4DC /* Release */ = {
			isa = XCBuildConfiguration;
			baseConfigurationReference = D548AB0358C79B015FC12034 /* Pods-Imgur.release.xcconfig */;
			buildSettings = {
				ASSETCATALOG_COMPILER_APPICON_NAME = AppIcon;
				CODE_SIGN_STYLE = Automatic;
				DEVELOPMENT_TEAM = EHV7XZLAHA;
				INFOPLIST_FILE = Imgur/Info.plist;
				LD_RUNPATH_SEARCH_PATHS = (
					"$(inherited)",
					"@executable_path/Frameworks",
				);
				PRODUCT_BUNDLE_IDENTIFIER = io.getstream.Imgur;
				PRODUCT_NAME = "$(TARGET_NAME)";
				SWIFT_VERSION = 5.0;
				TARGETED_DEVICE_FAMILY = "1,2";
			};
			name = Release;
		};
/* End XCBuildConfiguration section */

/* Begin XCConfigurationList section */
		8AC21F1223045DF7002AE4DC /* Build configuration list for PBXProject "Imgur" */ = {
			isa = XCConfigurationList;
			buildConfigurations = (
				8AC21F2723045DF8002AE4DC /* Debug */,
				8AC21F2823045DF8002AE4DC /* Release */,
			);
			defaultConfigurationIsVisible = 0;
			defaultConfigurationName = Release;
		};
		8AC21F2923045DF8002AE4DC /* Build configuration list for PBXNativeTarget "Imgur" */ = {
			isa = XCConfigurationList;
			buildConfigurations = (
				8AC21F2A23045DF8002AE4DC /* Debug */,
				8AC21F2B23045DF8002AE4DC /* Release */,
			);
			defaultConfigurationIsVisible = 0;
			defaultConfigurationName = Release;
		};
/* End XCConfigurationList section */
	};
	rootObject = 8AC21F0F23045DF7002AE4DC /* Project object */;
}
